
Microsoft Visual Studio Solution File, Format Version 12.00
# Visual Studio Version 17
VisualStudioVersion = 17.8.34309.116
MinimumVisualStudioVersion = 10.0.40219.1
Project("{FAE04EC0-301F-11D3-BF4B-00C04F79EFBC}") = "LINQ to Entities_191123 FromSqlRaw", "LINQ to Entities_191123 FromSqlRaw.csproj", "{359BDD7F-204F-44F6-B39A-24ABAC6C0ED9}"
EndProject
Global
	GlobalSection(SolutionConfigurationPlatforms) = preSolution
		Debug|Any CPU = Debug|Any CPU
		Release|Any CPU = Release|Any CPU
	EndGlobalSection
	GlobalSection(ProjectConfigurationPlatforms) = postSolution
		{359BDD7F-204F-44F6-B39A-24ABAC6C0ED9}.Debug|Any CPU.ActiveCfg = Debug|Any CPU
		{359BDD7F-204F-44F6-B39A-24ABAC6C0ED9}.Debug|Any CPU.Build.0 = Debug|Any CPU
		{359BDD7F-204F-44F6-B39A-24ABAC6C0ED9}.Release|Any CPU.ActiveCfg = Release|Any CPU
		{359BDD7F-204F-44F6-B39A-24ABAC6C0ED9}.Release|Any CPU.Build.0 = Release|Any CPU
	EndGlobalSection
	GlobalSection(SolutionProperties) = preSolution
		HideSolutionNode = FALSE
	EndGlobalSection
	GlobalSection(ExtensibilityGlobals) = postSolution
		SolutionGuid = {E2D6835F-04B5-42EE-A199-F468202F75CC}
	EndGlobalSection
EndGlobal
